// !$*UTF8*$!
{
	archiveVersion = 1;
	classes = {
	};
	objectVersion = 50;
	objects = {

/* Begin PBXBuildFile section */
		BC37FCEA2669CFA20089AE0D /* UnderstandViewBuildersApp.swift in Sources */ = {isa = PBXBuildFile; fileRef = BC37FCE92669CFA20089AE0D /* UnderstandViewBuildersApp.swift */; };
		BC37FCEC2669CFA20089AE0D /* ContentView.swift in Sources */ = {isa = PBXBuildFile; fileRef = BC37FCEB2669CFA20089AE0D /* ContentView.swift */; };
		BC37FCEE2669CFA30089AE0D /* Assets.xcassets in Resources */ = {isa = PBXBuildFile; fileRef = BC37FCED2669CFA30089AE0D /* Assets.xcassets */; };
		BC37FCF12669CFA30089AE0D /* Preview Assets.xcassets in Resources */ = {isa = PBXBuildFile; fileRef = BC37FCF02669CFA30089AE0D /* Preview Assets.xcassets */; };
		BC37FCF92669D0C90089AE0D /* AnotherView.swift in Sources */ = {isa = PBXBuildFile; fileRef = BC37FCF82669D0C90089AE0D /* AnotherView.swift */; };
		BC37FCFB2669D2460089AE0D /* ContainerDefiner.swift in Sources */ = {isa = PBXBuildFile; fileRef = BC37FCFA2669D2460089AE0D /* ContainerDefiner.swift */; };
		BC37FCFD2669D2730089AE0D /* JustContainer.swift in Sources */ = {isa = PBXBuildFile; fileRef = BC37FCFC2669D2730089AE0D /* JustContainer.swift */; };
/* End PBXBuildFile section */

/* Begin PBXFileReference section */
		BC37FCE62669CFA20089AE0D /* UnderstandViewBuilders.app */ = {isa = PBXFileReference; explicitFileType = wrapper.application; includeInIndex = 0; path = UnderstandViewBuilders.app; sourceTree = BUILT_PRODUCTS_DIR; };
		BC37FCE92669CFA20089AE0D /* UnderstandViewBuildersApp.swift */ = {isa = PBXFileReference; lastKnownFileType = sourcecode.swift; path = UnderstandViewBuildersApp.swift; sourceTree = "<group>"; };
		BC37FCEB2669CFA20089AE0D /* ContentView.swift */ = {isa = PBXFileReference; lastKnownFileType = sourcecode.swift; path = ContentView.swift; sourceTree = "<group>"; };
		BC37FCED2669CFA30089AE0D /* Assets.xcassets */ = {isa = PBXFileReference; lastKnownFileType = folder.assetcatalog; path = Assets.xcassets; sourceTree = "<group>"; };
		BC37FCF02669CFA30089AE0D /* Preview Assets.xcassets */ = {isa = PBXFileReference; lastKnownFileType = folder.assetcatalog; path = "Preview Assets.xcassets"; sourceTree = "<group>"; };
		BC37FCF22669CFA30089AE0D /* Info.plist */ = {isa = PBXFileReference; lastKnownFileType = text.plist.xml; path = Info.plist; sourceTree = "<group>"; };
		BC37FCF82669D0C90089AE0D /* AnotherView.swift */ = {isa = PBXFileReference; lastKnownFileType = sourcecode.swift; path = AnotherView.swift; sourceTree = "<group>"; };
		BC37FCFA2669D2460089AE0D /* ContainerDefiner.swift */ = {isa = PBXFileReference; lastKnownFileType = sourcecode.swift; path = ContainerDefiner.swift; sourceTree = "<group>"; };
		BC37FCFC2669D2730089AE0D /* JustContainer.swift */ = {isa = PBXFileReference; lastKnownFileType = sourcecode.swift; path = JustContainer.swift; sourceTree = "<group>"; };
/* End PBXFileReference section */

/* Begin PBXFrameworksBuildPhase section */
		BC37FCE32669CFA20089AE0D /* Frameworks */ = {
			isa = PBXFrameworksBuildPhase;
			buildActionMask = 2147483647;
			files = (
			);
			runOnlyForDeploymentPostprocessing = 0;
		};
/* End PBXFrameworksBuildPhase section */

/* Begin PBXGroup section */
		BC37FCDD2669CFA20089AE0D = {
			isa = PBXGroup;
			children = (
				BC37FCE82669CFA20089AE0D /* UnderstandViewBuilders */,
				BC37FCE72669CFA20089AE0D /* Products */,
			);
			sourceTree = "<group>";
		};
		BC37FCE72669CFA20089AE0D /* Products */ = {
			isa = PBXGroup;
			children = (
				BC37FCE62669CFA20089AE0D /* UnderstandViewBuilders.app */,
			);
			name = Products;
			sourceTree = "<group>";
		};
		BC37FCE82669CFA20089AE0D /* UnderstandViewBuilders */ = {
			isa = PBXGroup;
			children = (
				BC37FCE92669CFA20089AE0D /* UnderstandViewBuildersApp.swift */,
				BC37FCEB2669CFA20089AE0D /* ContentView.swift */,
				BC37FCFC2669D2730089AE0D /* JustContainer.swift */,
				BC37FCFA2669D2460089AE0D /* ContainerDefiner.swift */,
				BC37FCF82669D0C90089AE0D /* AnotherView.swift */,
				BC37FCED2669CFA30089AE0D /* Assets.xcassets */,
				BC37FCF22669CFA30089AE0D /* Info.plist */,
				BC37FCEF2669CFA30089AE0D /* Preview Content */,
			);
			path = UnderstandViewBuilders;
			sourceTree = "<group>";
		};
		BC37FCEF2669CFA30089AE0D /* Preview Content */ = {
			isa = PBXGroup;
			children = (
				BC37FCF02669CFA30089AE0D /* Preview Assets.xcassets */,
			);
			path = "Preview Content";
			sourceTree = "<group>";
		};
/* End PBXGroup section */

/* Begin PBXNativeTarget section */
		BC37FCE52669CFA20089AE0D /* UnderstandViewBuilders */ = {
			isa = PBXNativeTarget;
			buildConfigurationList = BC37FCF52669CFA30089AE0D /* Build configuration list for PBXNativeTarget "UnderstandViewBuilders" */;
			buildPhases = (
				BC37FCE22669CFA20089AE0D /* Sources */,
				BC37FCE32669CFA20089AE0D /* Frameworks */,
				BC37FCE42669CFA20089AE0D /* Resources */,
			);
			buildRules = (
			);
			dependencies = (
			);
			name = UnderstandViewBuilders;
			productName = UnderstandViewBuilders;
			productReference = BC37FCE62669CFA20089AE0D /* UnderstandViewBuilders.app */;
			productType = "com.apple.product-type.application";
		};
/* End PBXNativeTarget section */

/* Begin PBXProject section */
		BC37FCDE2669CFA20089AE0D /* Project object */ = {
			isa = PBXProject;
			attributes = {
				LastSwiftUpdateCheck = 1250;
				LastUpgradeCheck = 1250;
				TargetAttributes = {
					BC37FCE52669CFA20089AE0D = {
						CreatedOnToolsVersion = 12.5;
					};
				};
			};
			buildConfigurationList = BC37FCE12669CFA20089AE0D /* Build configuration list for PBXProject "UnderstandViewBuilders" */;
			compatibilityVersion = "Xcode 9.3";
			developmentRegion = en;
			hasScannedForEncodings = 0;
			knownRegions = (
				en,
				Base,
			);
			mainGroup = BC37FCDD2669CFA20089AE0D;
			productRefGroup = BC37FCE72669CFA20089AE0D /* Products */;
			projectDirPath = "";
			projectRoot = "";
			targets = (
				BC37FCE52669CFA20089AE0D /* UnderstandViewBuilders */,
			);
		};
/* End PBXProject section */

/* Begin PBXResourcesBuildPhase section */
		BC37FCE42669CFA20089AE0D /* Resources */ = {
			isa = PBXResourcesBuildPhase;
			buildActionMask = 2147483647;
			files = (
				BC37FCF12669CFA30089AE0D /* Preview Assets.xcassets in Resources */,
				BC37FCEE2669CFA30089AE0D /* Assets.xcassets in Resources */,
			);
			runOnlyForDeploymentPostprocessing = 0;
		};
/* End PBXResourcesBuildPhase section */

/* Begin PBXSourcesBuildPhase section */
		BC37FCE22669CFA20089AE0D /* Sources */ = {
			isa = PBXSourcesBuildPhase;
			buildActionMask = 2147483647;
			files = (
				BC37FCF92669D0C90089AE0D /* AnotherView.swift in Sources */,
				BC37FCFB2669D2460089AE0D /* ContainerDefiner.swift in Sources */,
				BC37FCEC2669CFA20089AE0D /* ContentView.swift in Sources */,
				BC37FCFD2669D2730089AE0D /* JustContainer.swift in Sources */,
				BC37FCEA2669CFA20089AE0D /* UnderstandViewBuildersApp.swift in Sources */,
			);
			runOnlyForDeploymentPostprocessing = 0;
		};
/* End PBXSourcesBuildPhase section */

/* Begin XCBuildConfiguration section */
		BC37FCF32669CFA30089AE0D /* Debug */ = {
			isa = XCBuildConfiguration;
			buildSettings = {
				ALWAYS_SEARCH_USER_PATHS = NO;
				CLANG_ANALYZER_NONNULL = YES;
				CLANG_ANALYZER_NUMBER_OBJECT_CONVERSION = YES_AGGRESSIVE;
				CLANG_CXX_LANGUAGE_STANDARD = "gnu++14";
				CLANG_CXX_LIBRARY = "libc++";
				CLANG_ENABLE_MODULES = YES;
				CLANG_ENABLE_OBJC_ARC = YES;
				CLANG_ENABLE_OBJC_WEAK = YES;
				CLANG_WARN_BLOCK_CAPTURE_AUTORELEASING = YES;
				CLANG_WARN_BOOL_CONVERSION = YES;
				CLANG_WARN_COMMA = YES;
				CLANG_WARN_CONSTANT_CONVERSION = YES;
				CLANG_WARN_DEPRECATED_OBJC_IMPLEMENTATIONS = YES;
				CLANG_WARN_DIRECT_OBJC_ISA_USAGE = YES_ERROR;
				CLANG_WARN_DOCUMENTATION_COMMENTS = YES;
				CLANG_WARN_EMPTY_BODY = YES;
				CLANG_WARN_ENUM_CONVERSION = YES;
				CLANG_WARN_INFINITE_RECURSION = YES;
				CLANG_WARN_INT_CONVERSION = YES;
				CLANG_WARN_NON_LITERAL_NULL_CONVERSION = YES;
				CLANG_WARN_OBJC_IMPLICIT_RETAIN_SELF = YES;
				CLANG_WARN_OBJC_LITERAL_CONVERSION = YES;
				CLANG_WARN_OBJC_ROOT_CLASS = YES_ERROR;
				CLANG_WARN_QUOTED_INCLUDE_IN_FRAMEWORK_HEADER = YES;
				CLANG_WARN_RANGE_LOOP_ANALYSIS = YES;
				CLANG_WARN_STRICT_PROTOTYPES = YES;
				CLANG_WARN_SUSPICIOUS_MOVE = YES;
				CLANG_WARN_UNGUARDED_AVAILABILITY = YES_AGGRESSIVE;
				CLANG_WARN_UNREACHABLE_CODE = YES;
				CLANG_WARN__DUPLICATE_METHOD_MATCH = YES;
				COPY_PHASE_STRIP = NO;
				DEBUG_INFORMATION_FORMAT = dwarf;
				ENABLE_STRICT_OBJC_MSGSEND = YES;
				ENABLE_TESTABILITY = YES;
				GCC_C_LANGUAGE_STANDARD = gnu11;
				GCC_DYNAMIC_NO_PIC = NO;
				GCC_NO_COMMON_BLOCKS = YES;
				GCC_OPTIMIZATION_LEVEL = 0;
				GCC_PREPROCESSOR_DEFINITIONS = (
					"DEBUG=1",
					"$(inherited)",
				);
				GCC_WARN_64_TO_32_BIT_CONVERSION = YES;
				GCC_WARN_ABOUT_RETURN_TYPE = YES_ERROR;
				GCC_WARN_UNDECLARED_SELECTOR = YES;
				GCC_WARN_UNINITIALIZED_AUTOS = YES_AGGRESSIVE;
				GCC_WARN_UNUSED_FUNCTION = YES;
				GCC_WARN_UNUSED_VARIABLE = YES;
				IPHONEOS_DEPLOYMENT_TARGET = 14.5;
				MTL_ENABLE_DEBUG_INFO = INCLUDE_SOURCE;
				MTL_FAST_MATH = YES;
				ONLY_ACTIVE_ARCH = YES;
				SDKROOT = iphoneos;
				SWIFT_ACTIVE_COMPILATION_CONDITIONS = DEBUG;
				SWIFT_OPTIMIZATION_LEVEL = "-Onone";
			};
			name = Debug;
		};
		BC37FCF42669CFA30089AE0D /* Release */ = {
			isa = XCBuildConfiguration;
			buildSettings = {
				ALWAYS_SEARCH_USER_PATHS = NO;
				CLANG_ANALYZER_NONNULL = YES;
				CLANG_ANALYZER_NUMBER_OBJECT_CONVERSION = YES_AGGRESSIVE;
				CLANG_CXX_LANGUAGE_STANDARD = "gnu++14";
				CLANG_CXX_LIBRARY = "libc++";
				CLANG_ENABLE_MODULES = YES;
				CLANG_ENABLE_OBJC_ARC = YES;
				CLANG_ENABLE_OBJC_WEAK = YES;
				CLANG_WARN_BLOCK_CAPTURE_AUTORELEASING = YES;
				CLANG_WARN_BOOL_CONVERSION = YES;
				CLANG_WARN_COMMA = YES;
				CLANG_WARN_CONSTANT_CONVERSION = YES;
				CLANG_WARN_DEPRECATED_OBJC_IMPLEMENTATIONS = YES;
				CLANG_WARN_DIRECT_OBJC_ISA_USAGE = YES_ERROR;
				CLANG_WARN_DOCUMENTATION_COMMENTS = YES;
				CLANG_WARN_EMPTY_BODY = YES;
				CLANG_WARN_ENUM_CONVERSION = YES;
				CLANG_WARN_INFINITE_RECURSION = YES;
				CLANG_WARN_INT_CONVERSION = YES;
				CLANG_WARN_NON_LITERAL_NULL_CONVERSION = YES;
				CLANG_WARN_OBJC_IMPLICIT_RETAIN_SELF = YES;
				CLANG_WARN_OBJC_LITERAL_CONVERSION = YES;
				CLANG_WARN_OBJC_ROOT_CLASS = YES_ERROR;
				CLANG_WARN_QUOTED_INCLUDE_IN_FRAMEWORK_HEADER = YES;
				CLANG_WARN_RANGE_LOOP_ANALYSIS = YES;
				CLANG_WARN_STRICT_PROTOTYPES = YES;
				CLANG_WARN_SUSPICIOUS_MOVE = YES;
				CLANG_WARN_UNGUARDED_AVAILABILITY = YES_AGGRESSIVE;
				CLANG_WARN_UNREACHABLE_CODE = YES;
				CLANG_WARN__DUPLICATE_METHOD_MATCH = YES;
				COPY_PHASE_STRIP = NO;
				DEBUG_INFORMATION_FORMAT = "dwarf-with-dsym";
				ENABLE_NS_ASSERTIONS = NO;
				ENABLE_STRICT_OBJC_MSGSEND = YES;
				GCC_C_LANGUAGE_STANDARD = gnu11;
				GCC_NO_COMMON_BLOCKS = YES;
				GCC_WARN_64_TO_32_BIT_CONVERSION = YES;
				GCC_WARN_ABOUT_RETURN_TYPE = YES_ERROR;
				GCC_WARN_UNDECLARED_SELECTOR = YES;
				GCC_WARN_UNINITIALIZED_AUTOS = YES_AGGRESSIVE;
				GCC_WARN_UNUSED_FUNCTION = YES;
				GCC_WARN_UNUSED_VARIABLE = YES;
				IPHONEOS_DEPLOYMENT_TARGET = 14.5;
				MTL_ENABLE_DEBUG_INFO = NO;
				MTL_FAST_MATH = YES;
				SDKROOT = iphoneos;
				SWIFT_COMPILATION_MODE = wholemodule;
				SWIFT_OPTIMIZATION_LEVEL = "-O";
				VALIDATE_PRODUCT = YES;
			};
			name = Release;
		};
		BC37FCF62669CFA30089AE0D /* Debug */ = {
			isa = XCBuildConfiguration;
			buildSettings = {
				ASSETCATALOG_COMPILER_APPICON_NAME = AppIcon;
				ASSETCATALOG_COMPILER_GLOBAL_ACCENT_COLOR_NAME = AccentColor;
				CODE_SIGN_STYLE = Automatic;
				DEVELOPMENT_ASSET_PATHS = "\"UnderstandViewBuilders/Preview Content\"";
				DEVELOPMENT_TEAM = P2M8F2R7BZ;
				ENABLE_PREVIEWS = YES;
				INFOPLIST_FILE = UnderstandViewBuilders/Info.plist;
				IPHONEOS_DEPLOYMENT_TARGET = 14.0;
				LD_RUNPATH_SEARCH_PATHS = (
					"$(inherited)",
					"@executable_path/Frameworks",
				);
				PRODUCT_BUNDLE_IDENTIFIER = com.Leadconsultant.UnderstandViewBuilders;
				PRODUCT_NAME = "$(TARGET_NAME)";
				SWIFT_VERSION = 5.0;
				TARGETED_DEVICE_FAMILY = "1,2";
			};
			name = Debug;
		};
		BC37FCF72669CFA30089AE0D /* Release */ = {
			isa = XCBuildConfiguration;
			buildSettings = {
				ASSETCATALOG_COMPILER_APPICON_NAME = AppIcon;
				ASSETCATALOG_COMPILER_GLOBAL_ACCENT_COLOR_NAME = AccentColor;
				CODE_SIGN_STYLE = Automatic;
				DEVELOPMENT_ASSET_PATHS = "\"UnderstandViewBuilders/Preview Content\"";
				DEVELOPMENT_TEAM = P2M8F2R7BZ;
				ENABLE_PREVIEWS = YES;
				INFOPLIST_FILE = UnderstandViewBuilders/Info.plist;
				IPHONEOS_DEPLOYMENT_TARGET = 14.0;
				LD_RUNPATH_SEARCH_PATHS = (
					"$(inherited)",
					"@executable_path/Frameworks",
				);
				PRODUCT_BUNDLE_IDENTIFIER = com.Leadconsultant.UnderstandViewBuilders;
				PRODUCT_NAME = "$(TARGET_NAME)";
				SWIFT_VERSION = 5.0;
				TARGETED_DEVICE_FAMILY = "1,2";
			};
			name = Release;
		};
/* End XCBuildConfiguration section */

/* Begin XCConfigurationList section */
		BC37FCE12669CFA20089AE0D /* Build configuration list for PBXProject "UnderstandViewBuilders" */ = {
			isa = XCConfigurationList;
			buildConfigurations = (
				BC37FCF32669CFA30089AE0D /* Debug */,
				BC37FCF42669CFA30089AE0D /* Release */,
			);
			defaultConfigurationIsVisible = 0;
			defaultConfigurationName = Release;
		};
		BC37FCF52669CFA30089AE0D /* Build configuration list for PBXNativeTarget "UnderstandViewBuilders" */ = {
			isa = XCConfigurationList;
			buildConfigurations = (
				BC37FCF62669CFA30089AE0D /* Debug */,
				BC37FCF72669CFA30089AE0D /* Release */,
			);
			defaultConfigurationIsVisible = 0;
			defaultConfigurationName = Release;
		};
/* End XCConfigurationList section */
	};
	rootObject = BC37FCDE2669CFA20089AE0D /* Project object */;
}
